
Microsoft Visual Studio Solution File, Format Version 12.00
# Visual Studio Version 16
VisualStudioVersion = 16.0.32106.194
MinimumVisualStudioVersion = 10.0.40219.1
Project("{FAE04EC0-301F-11D3-BF4B-00C04F79EFBC}") = "Chushka12D", "Chushka12D\Chushka12D.csproj", "{D7BB130E-9B0A-4E42-8EA8-C2B3487959EA}"
EndProject
Global
	GlobalSection(SolutionConfigurationPlatforms) = preSolution
		Debug|Any CPU = Debug|Any CPU
		Release|Any CPU = Release|Any CPU
	EndGlobalSection
	GlobalSection(ProjectConfigurationPlatforms) = postSolution
		{D7BB130E-9B0A-4E42-8EA8-C2B3487959EA}.Debug|Any CPU.ActiveCfg = Debug|Any CPU
		{D7BB130E-9B0A-4E42-8EA8-C2B3487959EA}.Debug|Any CPU.Build.0 = Debug|Any CPU
		{D7BB130E-9B0A-4E42-8EA8-C2B3487959EA}.Release|Any CPU.ActiveCfg = Release|Any CPU
		{D7BB130E-9B0A-4E42-8EA8-C2B3487959EA}.Release|Any CPU.Build.0 = Release|Any CPU
	EndGlobalSection
	GlobalSection(SolutionProperties) = preSolution
		HideSolutionNode = FALSE
	EndGlobalSection
	GlobalSection(ExtensibilityGlobals) = postSolution
		SolutionGuid = {9D9D3732-69EE-4C2E-84E2-C6FE62ACFB54}
	EndGlobalSection
EndGlobal
